
Microsoft Visual Studio Solution File, Format Version 12.00
# Visual Studio 15
VisualStudioVersion = 15.0.28010.2036
MinimumVisualStudioVersion = 10.0.40219.1
Project("{FAE04EC0-301F-11D3-BF4B-00C04F79EFBC}") = "SchoolTracker", "SchoolTracker\SchoolTracker.csproj", "{145DBCD3-6F5A-415F-9E0C-18E1F113AB8C}"
EndProject
Global
	GlobalSection(SolutionConfigurationPlatforms) = preSolution
		Debug|Any CPU = Debug|Any CPU
		Release|Any CPU = Release|Any CPU
	EndGlobalSection
	GlobalSection(ProjectConfigurationPlatforms) = postSolution
		{145DBCD3-6F5A-415F-9E0C-18E1F113AB8C}.Debug|Any CPU.ActiveCfg = Debug|Any CPU
		{145DBCD3-6F5A-415F-9E0C-18E1F113AB8C}.Debug|Any CPU.Build.0 = Debug|Any CPU
		{145DBCD3-6F5A-415F-9E0C-18E1F113AB8C}.Release|Any CPU.ActiveCfg = Release|Any CPU
		{145DBCD3-6F5A-415F-9E0C-18E1F113AB8C}.Release|Any CPU.Build.0 = Release|Any CPU
	EndGlobalSection
	GlobalSection(SolutionProperties) = preSolution
		HideSolutionNode = FALSE
	EndGlobalSection
	GlobalSection(ExtensibilityGlobals) = postSolution
		SolutionGuid = {1959EFDB-0332-48F7-A3A9-7E6C1EB7A450}
	EndGlobalSection
EndGlobal
